
Microsoft Visual Studio Solution File, Format Version 12.00
# Visual Studio Version 17
VisualStudioVersion = 17.0.32112.339
MinimumVisualStudioVersion = 10.0.40219.1
Project("{9A19103F-16F7-4668-BE54-9A1E7A4F7556}") = "M03_Container", "Container\M03_Container.csproj", "{76256989-96A7-443C-921E-B7DD43A7172E}"
EndProject
Project("{9A19103F-16F7-4668-BE54-9A1E7A4F7556}") = "M01_HalloWPF", "HalloWPF\M01_HalloWPF.csproj", "{50E2182F-D9CC-4B35-8475-38EF8E055B41}"
EndProject
Project("{9A19103F-16F7-4668-BE54-9A1E7A4F7556}") = "M02_Controls", "Controls\M02_Controls.csproj", "{241DEEA8-78C7-4C18-BB06-AE6F7B71DF00}"
EndProject
Project("{9A19103F-16F7-4668-BE54-9A1E7A4F7556}") = "Personendatenbank", "Personendatenbank\Personendatenbank.csproj", "{6BCE2F70-9529-491B-A4C1-4C5791CBC4BB}"
EndProject
Project("{9A19103F-16F7-4668-BE54-9A1E7A4F7556}") = "M04_EventHandling", "EventHandling\M04_EventHandling.csproj", "{11D73656-91EF-459A-A9E2-0D588E567F3C}"
EndProject
Project("{9A19103F-16F7-4668-BE54-9A1E7A4F7556}") = "M05_PropertyBinding", "PropertyBinding\M05_PropertyBinding.csproj", "{254A2DB1-712F-4A4D-8CD6-99A73BFFD0CA}"
EndProject
Project("{9A19103F-16F7-4668-BE54-9A1E7A4F7556}") = "ColorPicker", "ColorPicker\ColorPicker.csproj", "{DA09D83A-462D-4A49-9829-56BEF256A340}"
EndProject
Project("{9A19103F-16F7-4668-BE54-9A1E7A4F7556}") = "M06_DataBinding", "DataBinding\M06_DataBinding.csproj", "{A7848AE6-74A7-4072-9ABF-FFA46F516895}"
EndProject
Project("{9A19103F-16F7-4668-BE54-9A1E7A4F7556}") = "M07_Resources_Styles", "Resources_Styles\M07_Resources_Styles.csproj", "{A478B429-8C01-4BC1-8DF8-DCC16F072DE8}"
EndProject
Project("{9A19103F-16F7-4668-BE54-9A1E7A4F7556}") = "M10_Trigger", "Trigger\M10_Trigger.csproj", "{3DA24100-836A-4E33-BDB0-4F32AA0AA939}"
EndProject
Project("{9A19103F-16F7-4668-BE54-9A1E7A4F7556}") = "M15_Localisation", "Localisation\M15_Localisation.csproj", "{9F557D7A-6F8E-4272-B4AD-9DF78DF994FE}"
EndProject
Project("{9A19103F-16F7-4668-BE54-9A1E7A4F7556}") = "M08_Templates", "Templates\M08_Templates.csproj", "{518A3D79-EB67-4700-9512-7AB658D655A1}"
EndProject
Project("{9A19103F-16F7-4668-BE54-9A1E7A4F7556}") = "M12_RelativeSources", "RelativeSources\M12_RelativeSources.csproj", "{7367F15D-55B7-450E-95B9-CC3DAF43E322}"
EndProject
Project("{FAE04EC0-301F-11D3-BF4B-00C04F79EFBC}") = "M09_Validation", "Validation\M09_Validation.csproj", "{08FB0E80-A757-44A5-834A-9C291E5603E8}"
EndProject
Project("{FAE04EC0-301F-11D3-BF4B-00C04F79EFBC}") = "UserControls", "UserControls\UserControls.csproj", "{22BBD39E-68FE-436F-A169-A60F9D5B43F7}"
EndProject
Global
	GlobalSection(SolutionConfigurationPlatforms) = preSolution
		Debug|Any CPU = Debug|Any CPU
		Release|Any CPU = Release|Any CPU
	EndGlobalSection
	GlobalSection(ProjectConfigurationPlatforms) = postSolution
		{76256989-96A7-443C-921E-B7DD43A7172E}.Debug|Any CPU.ActiveCfg = Debug|Any CPU
		{76256989-96A7-443C-921E-B7DD43A7172E}.Debug|Any CPU.Build.0 = Debug|Any CPU
		{76256989-96A7-443C-921E-B7DD43A7172E}.Release|Any CPU.ActiveCfg = Release|Any CPU
		{76256989-96A7-443C-921E-B7DD43A7172E}.Release|Any CPU.Build.0 = Release|Any CPU
		{50E2182F-D9CC-4B35-8475-38EF8E055B41}.Debug|Any CPU.ActiveCfg = Debug|Any CPU
		{50E2182F-D9CC-4B35-8475-38EF8E055B41}.Debug|Any CPU.Build.0 = Debug|Any CPU
		{50E2182F-D9CC-4B35-8475-38EF8E055B41}.Release|Any CPU.ActiveCfg = Release|Any CPU
		{50E2182F-D9CC-4B35-8475-38EF8E055B41}.Release|Any CPU.Build.0 = Release|Any CPU
		{241DEEA8-78C7-4C18-BB06-AE6F7B71DF00}.Debug|Any CPU.ActiveCfg = Debug|Any CPU
		{241DEEA8-78C7-4C18-BB06-AE6F7B71DF00}.Debug|Any CPU.Build.0 = Debug|Any CPU
		{241DEEA8-78C7-4C18-BB06-AE6F7B71DF00}.Release|Any CPU.ActiveCfg = Release|Any CPU
		{241DEEA8-78C7-4C18-BB06-AE6F7B71DF00}.Release|Any CPU.Build.0 = Release|Any CPU
		{6BCE2F70-9529-491B-A4C1-4C5791CBC4BB}.Debug|Any CPU.ActiveCfg = Debug|Any CPU
		{6BCE2F70-9529-491B-A4C1-4C5791CBC4BB}.Debug|Any CPU.Build.0 = Debug|Any CPU
		{6BCE2F70-9529-491B-A4C1-4C5791CBC4BB}.Release|Any CPU.ActiveCfg = Release|Any CPU
		{6BCE2F70-9529-491B-A4C1-4C5791CBC4BB}.Release|Any CPU.Build.0 = Release|Any CPU
		{11D73656-91EF-459A-A9E2-0D588E567F3C}.Debug|Any CPU.ActiveCfg = Debug|Any CPU
		{11D73656-91EF-459A-A9E2-0D588E567F3C}.Debug|Any CPU.Build.0 = Debug|Any CPU
		{11D73656-91EF-459A-A9E2-0D588E567F3C}.Release|Any CPU.ActiveCfg = Release|Any CPU
		{11D73656-91EF-459A-A9E2-0D588E567F3C}.Release|Any CPU.Build.0 = Release|Any CPU
		{254A2DB1-712F-4A4D-8CD6-99A73BFFD0CA}.Debug|Any CPU.ActiveCfg = Debug|Any CPU
		{254A2DB1-712F-4A4D-8CD6-99A73BFFD0CA}.Debug|Any CPU.Build.0 = Debug|Any CPU
		{254A2DB1-712F-4A4D-8CD6-99A73BFFD0CA}.Release|Any CPU.ActiveCfg = Release|Any CPU
		{254A2DB1-712F-4A4D-8CD6-99A73BFFD0CA}.Release|Any CPU.Build.0 = Release|Any CPU
		{DA09D83A-462D-4A49-9829-56BEF256A340}.Debug|Any CPU.ActiveCfg = Debug|Any CPU
		{DA09D83A-462D-4A49-9829-56BEF256A340}.Debug|Any CPU.Build.0 = Debug|Any CPU
		{DA09D83A-462D-4A49-9829-56BEF256A340}.Release|Any CPU.ActiveCfg = Release|Any CPU
		{DA09D83A-462D-4A49-9829-56BEF256A340}.Release|Any CPU.Build.0 = Release|Any CPU
		{A7848AE6-74A7-4072-9ABF-FFA46F516895}.Debug|Any CPU.ActiveCfg = Debug|Any CPU
		{A7848AE6-74A7-4072-9ABF-FFA46F516895}.Debug|Any CPU.Build.0 = Debug|Any CPU
		{A7848AE6-74A7-4072-9ABF-FFA46F516895}.Release|Any CPU.ActiveCfg = Release|Any CPU
		{A7848AE6-74A7-4072-9ABF-FFA46F516895}.Release|Any CPU.Build.0 = Release|Any CPU
		{A478B429-8C01-4BC1-8DF8-DCC16F072DE8}.Debug|Any CPU.ActiveCfg = Debug|Any CPU
		{A478B429-8C01-4BC1-8DF8-DCC16F072DE8}.Debug|Any CPU.Build.0 = Debug|Any CPU
		{A478B429-8C01-4BC1-8DF8-DCC16F072DE8}.Release|Any CPU.ActiveCfg = Release|Any CPU
		{A478B429-8C01-4BC1-8DF8-DCC16F072DE8}.Release|Any CPU.Build.0 = Release|Any CPU
		{3DA24100-836A-4E33-BDB0-4F32AA0AA939}.Debug|Any CPU.ActiveCfg = Debug|Any CPU
		{3DA24100-836A-4E33-BDB0-4F32AA0AA939}.Debug|Any CPU.Build.0 = Debug|Any CPU
		{3DA24100-836A-4E33-BDB0-4F32AA0AA939}.Release|Any CPU.ActiveCfg = Release|Any CPU
		{3DA24100-836A-4E33-BDB0-4F32AA0AA939}.Release|Any CPU.Build.0 = Release|Any CPU
		{9F557D7A-6F8E-4272-B4AD-9DF78DF994FE}.Debug|Any CPU.ActiveCfg = Debug|Any CPU
		{9F557D7A-6F8E-4272-B4AD-9DF78DF994FE}.Debug|Any CPU.Build.0 = Debug|Any CPU
		{9F557D7A-6F8E-4272-B4AD-9DF78DF994FE}.Release|Any CPU.ActiveCfg = Release|Any CPU
		{9F557D7A-6F8E-4272-B4AD-9DF78DF994FE}.Release|Any CPU.Build.0 = Release|Any CPU
		{518A3D79-EB67-4700-9512-7AB658D655A1}.Debug|Any CPU.ActiveCfg = Debug|Any CPU
		{518A3D79-EB67-4700-9512-7AB658D655A1}.Debug|Any CPU.Build.0 = Debug|Any CPU
		{518A3D79-EB67-4700-9512-7AB658D655A1}.Release|Any CPU.ActiveCfg = Release|Any CPU
		{518A3D79-EB67-4700-9512-7AB658D655A1}.Release|Any CPU.Build.0 = Release|Any CPU
		{7367F15D-55B7-450E-95B9-CC3DAF43E322}.Debug|Any CPU.ActiveCfg = Debug|Any CPU
		{7367F15D-55B7-450E-95B9-CC3DAF43E322}.Debug|Any CPU.Build.0 = Debug|Any CPU
		{7367F15D-55B7-450E-95B9-CC3DAF43E322}.Release|Any CPU.ActiveCfg = Release|Any CPU
		{7367F15D-55B7-450E-95B9-CC3DAF43E322}.Release|Any CPU.Build.0 = Release|Any CPU
		{08FB0E80-A757-44A5-834A-9C291E5603E8}.Debug|Any CPU.ActiveCfg = Debug|Any CPU
		{08FB0E80-A757-44A5-834A-9C291E5603E8}.Debug|Any CPU.Build.0 = Debug|Any CPU
		{08FB0E80-A757-44A5-834A-9C291E5603E8}.Release|Any CPU.ActiveCfg = Release|Any CPU
		{08FB0E80-A757-44A5-834A-9C291E5603E8}.Release|Any CPU.Build.0 = Release|Any CPU
		{22BBD39E-68FE-436F-A169-A60F9D5B43F7}.Debug|Any CPU.ActiveCfg = Debug|Any CPU
		{22BBD39E-68FE-436F-A169-A60F9D5B43F7}.Debug|Any CPU.Build.0 = Debug|Any CPU
		{22BBD39E-68FE-436F-A169-A60F9D5B43F7}.Release|Any CPU.ActiveCfg = Release|Any CPU
		{22BBD39E-68FE-436F-A169-A60F9D5B43F7}.Release|Any CPU.Build.0 = Release|Any CPU
	EndGlobalSection
	GlobalSection(SolutionProperties) = preSolution
		HideSolutionNode = FALSE
	EndGlobalSection
	GlobalSection(ExtensibilityGlobals) = postSolution
		SolutionGuid = {D14691F0-4D61-4220-AB7B-6A3E0AFB779F}
	EndGlobalSection
EndGlobal
